{
  "checksum": "0a3a5092af338f6dddeae5d48906686552a1627c251a41aa0b319ad03615c3c3",
  "crates": {
    "ahash 0.8.3": {
      "name": "ahash",
      "version": "0.8.3",
      "package_url": "https://github.com/tkaitchuck/ahash",
      "repository": {
        "Http": {
          "url": "https://static.crates.io/crates/ahash/0.8.3/download",
          "sha256": "2c99f64d1e06488f620f932677e24bc6e2897582980441ae90a671415bd7ec2f"
        }
      },
      "targets": [
        {
          "Library": {
            "crate_name": "ahash",
            "crate_root": "src/lib.rs",
            "srcs": {
              "allow_empty": false,
              "include": [
                "**/*.rs"
              ]
            }
          }
        },
        {
          "BuildScript": {
            "crate_name": "build_script_build",
            "crate_root": "build.rs",
            "srcs": {
              "allow_empty": false,
              "include": [
                "**/*.rs"
              ]
            }
          }
        }
      ],
      "library_target_name": "ahash",
      "common_attrs": {
        "compile_data_glob": [
          "**"
        ],
        "deps": {
          "common": [
            {
              "id": "ahash 0.8.3",
              "target": "build_script_build"
            },
            {
              "id": "cfg-if 1.0.0",
              "target": "cfg_if"
            }
          ],
          "selects": {
            "cfg(not(all(target_arch = \"arm\", target_os = \"none\")))": [
              {
                "id": "once_cell 1.18.0",
                "target": "once_cell"
              }
            ]
          }
        },
        "edition": "2018",
        "version": "0.8.3"
      },
      "build_script_attrs": {
        "data_glob": [
          "**"
        ],
        "deps": {
          "common": [
            {
              "id": "version_check 0.9.4",
              "target": "version_check"
            }
          ],
          "selects": {}
        }
      },
      "license": "MIT OR Apache-2.0",
      "license_ids": [
        "Apache-2.0",
        "MIT"
      ],
      "license_file": "LICENSE-APACHE"
    },
    "aho-corasick 1.0.5": {
      "name": "aho-corasick",
      "version": "1.0.5",
      "package_url": "https://github.com/BurntSushi/aho-corasick",
      "repository": {
        "Http": {
          "url": "https://static.crates.io/crates/aho-corasick/1.0.5/download",
          "sha256": "0c378d78423fdad8089616f827526ee33c19f2fddbd5de1629152c9593ba4783"
        }
      },
      "targets": [
        {
          "Library": {
            "crate_name": "aho_corasick",
            "crate_root": "src/lib.rs",
            "srcs": {
              "allow_empty": false,
              "include": [
                "**/*.rs"
              ]
            }
          }
        }
      ],
      "library_target_name": "aho_corasick",
      "common_attrs": {
        "compile_data_glob": [
          "**"
        ],
        "crate_features": {
          "common": [
            "default",
            "perf-literal",
            "std"
          ],
          "selects": {}
        },
        "deps": {
          "common": [
            {
              "id": "memchr 2.6.3",
              "target": "memchr"
            }
          ],
          "selects": {}
        },
        "edition": "2021",
        "version": "1.0.5"
      },
      "license": "Unlicense OR MIT",
      "license_ids": [
        "MIT",
        "Unlicense"
      ],
      "license_file": "LICENSE-MIT"
    },
    "byteorder 1.5.0": {
      "name": "byteorder",
      "version": "1.5.0",
      "package_url": "https://github.com/BurntSushi/byteorder",
      "repository": {
        "Http": {
          "url": "https://static.crates.io/crates/byteorder/1.5.0/download",
          "sha256": "1fd0f2584146f6f2ef48085050886acf353beff7305ebd1ae69500e27c67f64b"
        }
      },
      "targets": [
        {
          "Library": {
            "crate_name": "byteorder",
            "crate_root": "src/lib.rs",
            "srcs": {
              "allow_empty": false,
              "include": [
                "**/*.rs"
              ]
            }
          }
        }
      ],
      "library_target_name": "byteorder",
      "common_attrs": {
        "compile_data_glob": [
          "**"
        ],
        "edition": "2021",
        "version": "1.5.0"
      },
      "license": "Unlicense OR MIT",
      "license_ids": [
        "MIT",
        "Unlicense"
      ],
      "license_file": "LICENSE-MIT"
    },
    "cfg-if 1.0.0": {
      "name": "cfg-if",
      "version": "1.0.0",
      "package_url": "https://github.com/alexcrichton/cfg-if",
      "repository": {
        "Http": {
          "url": "https://static.crates.io/crates/cfg-if/1.0.0/download",
          "sha256": "baf1de4339761588bc0619e3cbc0120ee582ebb74b53b4efbf79117bd2da40fd"
        }
      },
      "targets": [
        {
          "Library": {
            "crate_name": "cfg_if",
            "crate_root": "src/lib.rs",
            "srcs": {
              "allow_empty": false,
              "include": [
                "**/*.rs"
              ]
            }
          }
        }
      ],
      "library_target_name": "cfg_if",
      "common_attrs": {
        "compile_data_glob": [
          "**"
        ],
        "edition": "2018",
        "version": "1.0.0"
      },
      "license": "MIT/Apache-2.0",
      "license_ids": [
        "Apache-2.0",
        "MIT"
      ],
      "license_file": "LICENSE-APACHE"
    },
    "form_urlencoded 1.2.0": {
      "name": "form_urlencoded",
      "version": "1.2.0",
      "package_url": "https://github.com/servo/rust-url",
      "repository": {
        "Http": {
          "url": "https://static.crates.io/crates/form_urlencoded/1.2.0/download",
          "sha256": "a62bc1cf6f830c2ec14a513a9fb124d0a213a629668a4186f329db21fe045652"
        }
      },
      "targets": [
        {
          "Library": {
            "crate_name": "form_urlencoded",
            "crate_root": "src/lib.rs",
            "srcs": {
              "allow_empty": false,
              "include": [
                "**/*.rs"
              ]
            }
          }
        }
      ],
      "library_target_name": "form_urlencoded",
      "common_attrs": {
        "compile_data_glob": [
          "**"
        ],
        "crate_features": {
          "common": [
            "alloc",
            "default",
            "std"
          ],
          "selects": {}
        },
        "deps": {
          "common": [
            {
              "id": "percent-encoding 2.3.0",
              "target": "percent_encoding"
            }
          ],
          "selects": {}
        },
        "edition": "2018",
        "version": "1.2.0"
      },
      "license": "MIT OR Apache-2.0",
      "license_ids": [
        "Apache-2.0",
        "MIT"
      ],
      "license_file": "LICENSE-APACHE"
    },
    "getrandom 0.2.15": {
      "name": "getrandom",
      "version": "0.2.15",
      "package_url": "https://github.com/rust-random/getrandom",
      "repository": {
        "Http": {
          "url": "https://static.crates.io/crates/getrandom/0.2.15/download",
          "sha256": "c4567c8db10ae91089c99af84c68c38da3ec2f087c3f82960bcdbf3656b6f4d7"
        }
      },
      "targets": [
        {
          "Library": {
            "crate_name": "getrandom",
            "crate_root": "src/lib.rs",
            "srcs": {
              "allow_empty": false,
              "include": [
                "**/*.rs"
              ]
            }
          }
        }
      ],
      "library_target_name": "getrandom",
      "common_attrs": {
        "compile_data_glob": [
          "**"
        ],
        "crate_features": {
          "common": [
            "std"
          ],
          "selects": {}
        },
        "deps": {
          "common": [
            {
              "id": "cfg-if 1.0.0",
              "target": "cfg_if"
            }
          ],
          "selects": {
            "cfg(target_os = \"wasi\")": [
              {
                "id": "wasi 0.11.0+wasi-snapshot-preview1",
                "target": "wasi"
              }
            ],
            "cfg(unix)": [
              {
                "id": "libc 0.2.167",
                "target": "libc"
              }
            ]
          }
        },
        "edition": "2018",
        "version": "0.2.15"
      },
      "license": "MIT OR Apache-2.0",
      "license_ids": [
        "Apache-2.0",
        "MIT"
      ],
      "license_file": "LICENSE-APACHE"
    },
    "hashbrown 0.13.2": {
      "name": "hashbrown",
      "version": "0.13.2",
      "package_url": "https://github.com/rust-lang/hashbrown",
      "repository": {
        "Http": {
          "url": "https://static.crates.io/crates/hashbrown/0.13.2/download",
          "sha256": "43a3c133739dddd0d2990f9a4bdf8eb4b21ef50e4851ca85ab661199821d510e"
        }
      },
      "targets": [
        {
          "Library": {
            "crate_name": "hashbrown",
            "crate_root": "src/lib.rs",
            "srcs": {
              "allow_empty": false,
              "include": [
                "**/*.rs"
              ]
            }
          }
        }
      ],
      "library_target_name": "hashbrown",
      "common_attrs": {
        "compile_data_glob": [
          "**"
        ],
        "crate_features": {
          "common": [
            "ahash",
            "default",
            "inline-more"
          ],
          "selects": {}
        },
        "deps": {
          "common": [
            {
              "id": "ahash 0.8.3",
              "target": "ahash"
            }
          ],
          "selects": {}
        },
        "edition": "2021",
        "version": "0.13.2"
      },
      "license": "MIT OR Apache-2.0",
      "license_ids": [
        "Apache-2.0",
        "MIT"
      ],
      "license_file": "LICENSE-APACHE"
    },
    "idna 0.4.0": {
      "name": "idna",
      "version": "0.4.0",
      "package_url": "https://github.com/servo/rust-url/",
      "repository": {
        "Http": {
          "url": "https://static.crates.io/crates/idna/0.4.0/download",
          "sha256": "7d20d6b07bfbc108882d88ed8e37d39636dcc260e15e30c45e6ba089610b917c"
        }
      },
      "targets": [
        {
          "Library": {
            "crate_name": "idna",
            "crate_root": "src/lib.rs",
            "srcs": {
              "allow_empty": false,
              "include": [
                "**/*.rs"
              ]
            }
          }
        }
      ],
      "library_target_name": "idna",
      "common_attrs": {
        "compile_data_glob": [
          "**"
        ],
        "crate_features": {
          "common": [
            "alloc",
            "default",
            "std"
          ],
          "selects": {}
        },
        "deps": {
          "common": [
            {
              "id": "unicode-bidi 0.3.13",
              "target": "unicode_bidi"
            },
            {
              "id": "unicode-normalization 0.1.22",
              "target": "unicode_normalization"
            }
          ],
          "selects": {}
        },
        "edition": "2018",
        "version": "0.4.0"
      },
      "license": "MIT OR Apache-2.0",
      "license_ids": [
        "Apache-2.0",
        "MIT"
      ],
      "license_file": "LICENSE-APACHE"
    },
    "libc 0.2.167": {
      "name": "libc",
      "version": "0.2.167",
      "package_url": "https://github.com/rust-lang/libc",
      "repository": {
        "Http": {
          "url": "https://static.crates.io/crates/libc/0.2.167/download",
          "sha256": "09d6582e104315a817dff97f75133544b2e094ee22447d2acf4a74e189ba06fc"
        }
      },
      "targets": [
        {
          "Library": {
            "crate_name": "libc",
            "crate_root": "src/lib.rs",
            "srcs": {
              "allow_empty": false,
              "include": [
                "**/*.rs"
              ]
            }
          }
        },
        {
          "BuildScript": {
            "crate_name": "build_script_build",
            "crate_root": "build.rs",
            "srcs": {
              "allow_empty": false,
              "include": [
                "**/*.rs"
              ]
            }
          }
        }
      ],
      "library_target_name": "libc",
      "common_attrs": {
        "compile_data_glob": [
          "**"
        ],
        "deps": {
          "common": [
            {
              "id": "libc 0.2.167",
              "target": "build_script_build"
            }
          ],
          "selects": {}
        },
        "edition": "2021",
        "version": "0.2.167"
      },
      "build_script_attrs": {
        "data_glob": [
          "**"
        ]
      },
      "license": "MIT OR Apache-2.0",
      "license_ids": [
        "Apache-2.0",
        "MIT"
      ],
      "license_file": "LICENSE-APACHE"
    },
    "log 0.4.20": {
      "name": "log",
      "version": "0.4.20",
      "package_url": "https://github.com/rust-lang/log",
      "repository": {
        "Http": {
          "url": "https://static.crates.io/crates/log/0.4.20/download",
          "sha256": "b5e6163cb8c49088c2c36f57875e58ccd8c87c7427f7fbd50ea6710b2f3f2e8f"
        }
      },
      "targets": [
        {
          "Library": {
            "crate_name": "log",
            "crate_root": "src/lib.rs",
            "srcs": {
              "allow_empty": false,
              "include": [
                "**/*.rs"
              ]
            }
          }
        }
      ],
      "library_target_name": "log",
      "common_attrs": {
        "compile_data_glob": [
          "**"
        ],
        "edition": "2015",
        "version": "0.4.20"
      },
      "license": "MIT OR Apache-2.0",
      "license_ids": [
        "Apache-2.0",
        "MIT"
      ],
      "license_file": "LICENSE-APACHE"
    },
    "memchr 2.6.3": {
      "name": "memchr",
      "version": "2.6.3",
      "package_url": "https://github.com/BurntSushi/memchr",
      "repository": {
        "Http": {
          "url": "https://static.crates.io/crates/memchr/2.6.3/download",
          "sha256": "8f232d6ef707e1956a43342693d2a31e72989554d58299d7a88738cc95b0d35c"
        }
      },
      "targets": [
        {
          "Library": {
            "crate_name": "memchr",
            "crate_root": "src/lib.rs",
            "srcs": {
              "allow_empty": false,
              "include": [
                "**/*.rs"
              ]
            }
          }
        }
      ],
      "library_target_name": "memchr",
      "common_attrs": {
        "compile_data_glob": [
          "**"
        ],
        "crate_features": {
          "common": [
            "alloc",
            "default",
            "std"
          ],
          "selects": {}
        },
        "edition": "2021",
        "version": "2.6.3"
      },
      "license": "Unlicense OR MIT",
      "license_ids": [
        "MIT",
        "Unlicense"
      ],
      "license_file": "LICENSE-MIT"
    },
    "once_cell 1.18.0": {
      "name": "once_cell",
      "version": "1.18.0",
      "package_url": "https://github.com/matklad/once_cell",
      "repository": {
        "Http": {
          "url": "https://static.crates.io/crates/once_cell/1.18.0/download",
          "sha256": "dd8b5dd2ae5ed71462c540258bedcb51965123ad7e7ccf4b9a8cafaa4a63576d"
        }
      },
      "targets": [
        {
          "Library": {
            "crate_name": "once_cell",
            "crate_root": "src/lib.rs",
            "srcs": {
              "allow_empty": false,
              "include": [
                "**/*.rs"
              ]
            }
          }
        }
      ],
      "library_target_name": "once_cell",
      "common_attrs": {
        "compile_data_glob": [
          "**"
        ],
        "crate_features": {
          "common": [
            "alloc",
            "race",
            "unstable"
          ],
          "selects": {}
        },
        "edition": "2021",
        "version": "1.18.0"
      },
      "license": "MIT OR Apache-2.0",
      "license_ids": [
        "Apache-2.0",
        "MIT"
      ],
      "license_file": "LICENSE-APACHE"
    },
    "percent-encoding 2.3.0": {
      "name": "percent-encoding",
      "version": "2.3.0",
      "package_url": "https://github.com/servo/rust-url/",
      "repository": {
        "Http": {
          "url": "https://static.crates.io/crates/percent-encoding/2.3.0/download",
          "sha256": "9b2a4787296e9989611394c33f193f676704af1686e70b8f8033ab5ba9a35a94"
        }
      },
      "targets": [
        {
          "Library": {
            "crate_name": "percent_encoding",
            "crate_root": "src/lib.rs",
            "srcs": {
              "allow_empty": false,
              "include": [
                "**/*.rs"
              ]
            }
          }
        }
      ],
      "library_target_name": "percent_encoding",
      "common_attrs": {
        "compile_data_glob": [
          "**"
        ],
        "crate_features": {
          "common": [
            "alloc",
            "default",
            "std"
          ],
          "selects": {}
        },
        "edition": "2018",
        "version": "2.3.0"
      },
      "license": "MIT OR Apache-2.0",
      "license_ids": [
        "Apache-2.0",
        "MIT"
      ],
      "license_file": "LICENSE-APACHE"
    },
    "ppv-lite86 0.2.20": {
      "name": "ppv-lite86",
      "version": "0.2.20",
      "package_url": "https://github.com/cryptocorrosion/cryptocorrosion",
      "repository": {
        "Http": {
          "url": "https://static.crates.io/crates/ppv-lite86/0.2.20/download",
          "sha256": "77957b295656769bb8ad2b6a6b09d897d94f05c41b069aede1fcdaa675eaea04"
        }
      },
      "targets": [
        {
          "Library": {
            "crate_name": "ppv_lite86",
            "crate_root": "src/lib.rs",
            "srcs": {
              "allow_empty": false,
              "include": [
                "**/*.rs"
              ]
            }
          }
        }
      ],
      "library_target_name": "ppv_lite86",
      "common_attrs": {
        "compile_data_glob": [
          "**"
        ],
        "crate_features": {
          "common": [
            "simd",
            "std"
          ],
          "selects": {}
        },
        "deps": {
          "common": [
            {
              "id": "zerocopy 0.7.35",
              "target": "zerocopy"
            }
          ],
          "selects": {}
        },
        "edition": "2021",
        "version": "0.2.20"
      },
      "license": "MIT/Apache-2.0",
      "license_ids": [
        "Apache-2.0",
        "MIT"
      ],
      "license_file": "LICENSE-APACHE"
    },
    "proc-macro2 1.0.92": {
      "name": "proc-macro2",
      "version": "1.0.92",
      "package_url": "https://github.com/dtolnay/proc-macro2",
      "repository": {
        "Http": {
          "url": "https://static.crates.io/crates/proc-macro2/1.0.92/download",
          "sha256": "37d3544b3f2748c54e147655edb5025752e2303145b5aefb3c3ea2c78b973bb0"
        }
      },
      "targets": [
        {
          "Library": {
            "crate_name": "proc_macro2",
            "crate_root": "src/lib.rs",
            "srcs": {
              "allow_empty": false,
              "include": [
                "**/*.rs"
              ]
            }
          }
        },
        {
          "BuildScript": {
            "crate_name": "build_script_build",
            "crate_root": "build.rs",
            "srcs": {
              "allow_empty": false,
              "include": [
                "**/*.rs"
              ]
            }
          }
        }
      ],
      "library_target_name": "proc_macro2",
      "common_attrs": {
        "compile_data_glob": [
          "**"
        ],
        "crate_features": {
          "common": [
            "default",
            "proc-macro"
          ],
          "selects": {}
        },
        "deps": {
          "common": [
            {
              "id": "proc-macro2 1.0.92",
              "target": "build_script_build"
            },
            {
              "id": "unicode-ident 1.0.14",
              "target": "unicode_ident"
            }
          ],
          "selects": {}
        },
        "edition": "2021",
        "version": "1.0.92"
      },
      "build_script_attrs": {
        "data_glob": [
          "**"
        ]
      },
      "license": "MIT OR Apache-2.0",
      "license_ids": [
        "Apache-2.0",
        "MIT"
      ],
      "license_file": "LICENSE-APACHE"
    },
    "proxy-wasm 0.2.1": {
      "name": "proxy-wasm",
      "version": "0.2.1",
      "package_url": "https://github.com/proxy-wasm/proxy-wasm-rust-sdk",
      "repository": {
        "Http": {
          "url": "https://static.crates.io/crates/proxy-wasm/0.2.1/download",
          "sha256": "823b744520cd4a54ba7ebacbffe4562e839d6dcd8f89209f96a1ace4f5229cd4"
        }
      },
      "targets": [
        {
          "Library": {
            "crate_name": "proxy_wasm",
            "crate_root": "src/lib.rs",
            "srcs": {
              "allow_empty": false,
              "include": [
                "**/*.rs"
              ]
            }
          }
        },
        {
          "BuildScript": {
            "crate_name": "build_script_build",
            "crate_root": "build.rs",
            "srcs": {
              "allow_empty": false,
              "include": [
                "**/*.rs"
              ]
            }
          }
        }
      ],
      "library_target_name": "proxy_wasm",
      "common_attrs": {
        "compile_data_glob": [
          "**"
        ],
        "deps": {
          "common": [
            {
              "id": "hashbrown 0.13.2",
              "target": "hashbrown"
            },
            {
              "id": "log 0.4.20",
              "target": "log"
            },
            {
              "id": "proxy-wasm 0.2.1",
              "target": "build_script_build"
            }
          ],
          "selects": {}
        },
        "edition": "2018",
        "version": "0.2.1"
      },
      "build_script_attrs": {
        "data_glob": [
          "**"
        ]
      },
      "license": "Apache-2.0",
      "license_ids": [
        "Apache-2.0"
      ],
      "license_file": "LICENSE"
    },
    "quote 1.0.37": {
      "name": "quote",
      "version": "1.0.37",
      "package_url": "https://github.com/dtolnay/quote",
      "repository": {
        "Http": {
          "url": "https://static.crates.io/crates/quote/1.0.37/download",
          "sha256": "b5b9d34b8991d19d98081b46eacdd8eb58c6f2b201139f7c5f643cc155a633af"
        }
      },
      "targets": [
        {
          "Library": {
            "crate_name": "quote",
            "crate_root": "src/lib.rs",
            "srcs": {
              "allow_empty": false,
              "include": [
                "**/*.rs"
              ]
            }
          }
        }
      ],
      "library_target_name": "quote",
      "common_attrs": {
        "compile_data_glob": [
          "**"
        ],
        "crate_features": {
          "common": [
            "default",
            "proc-macro"
          ],
          "selects": {}
        },
        "deps": {
          "common": [
            {
              "id": "proc-macro2 1.0.92",
              "target": "proc_macro2"
            }
          ],
          "selects": {}
        },
        "edition": "2018",
        "version": "1.0.37"
      },
      "license": "MIT OR Apache-2.0",
      "license_ids": [
        "Apache-2.0",
        "MIT"
      ],
      "license_file": "LICENSE-APACHE"
    },
    "rand 0.8.5": {
      "name": "rand",
      "version": "0.8.5",
      "package_url": "https://github.com/rust-random/rand",
      "repository": {
        "Http": {
          "url": "https://static.crates.io/crates/rand/0.8.5/download",
          "sha256": "34af8d1a0e25924bc5b7c43c079c942339d8f0a8b57c39049bef581b46327404"
        }
      },
      "targets": [
        {
          "Library": {
            "crate_name": "rand",
            "crate_root": "src/lib.rs",
            "srcs": {
              "allow_empty": false,
              "include": [
                "**/*.rs"
              ]
            }
          }
        }
      ],
      "library_target_name": "rand",
      "common_attrs": {
        "compile_data_glob": [
          "**"
        ],
        "crate_features": {
          "common": [
            "alloc",
            "default",
            "getrandom",
            "libc",
            "rand_chacha",
            "std",
            "std_rng"
          ],
          "selects": {}
        },
        "deps": {
          "common": [
            {
              "id": "rand_chacha 0.3.1",
              "target": "rand_chacha"
            },
            {
              "id": "rand_core 0.6.4",
              "target": "rand_core"
            }
          ],
          "selects": {
            "cfg(unix)": [
              {
                "id": "libc 0.2.167",
                "target": "libc"
              }
            ]
          }
        },
        "edition": "2018",
        "version": "0.8.5"
      },
      "license": "MIT OR Apache-2.0",
      "license_ids": [
        "Apache-2.0",
        "MIT"
      ],
      "license_file": "LICENSE-APACHE"
    },
    "rand_chacha 0.3.1": {
      "name": "rand_chacha",
      "version": "0.3.1",
      "package_url": "https://github.com/rust-random/rand",
      "repository": {
        "Http": {
          "url": "https://static.crates.io/crates/rand_chacha/0.3.1/download",
          "sha256": "e6c10a63a0fa32252be49d21e7709d4d4baf8d231c2dbce1eaa8141b9b127d88"
        }
      },
      "targets": [
        {
          "Library": {
            "crate_name": "rand_chacha",
            "crate_root": "src/lib.rs",
            "srcs": {
              "allow_empty": false,
              "include": [
                "**/*.rs"
              ]
            }
          }
        }
      ],
      "library_target_name": "rand_chacha",
      "common_attrs": {
        "compile_data_glob": [
          "**"
        ],
        "crate_features": {
          "common": [
            "std"
          ],
          "selects": {}
        },
        "deps": {
          "common": [
            {
              "id": "ppv-lite86 0.2.20",
              "target": "ppv_lite86"
            },
            {
              "id": "rand_core 0.6.4",
              "target": "rand_core"
            }
          ],
          "selects": {}
        },
        "edition": "2018",
        "version": "0.3.1"
      },
      "license": "MIT OR Apache-2.0",
      "license_ids": [
        "Apache-2.0",
        "MIT"
      ],
      "license_file": "LICENSE-APACHE"
    },
    "rand_core 0.6.4": {
      "name": "rand_core",
      "version": "0.6.4",
      "package_url": "https://github.com/rust-random/rand",
      "repository": {
        "Http": {
          "url": "https://static.crates.io/crates/rand_core/0.6.4/download",
          "sha256": "ec0be4795e2f6a28069bec0b5ff3e2ac9bafc99e6a9a7dc3547996c5c816922c"
        }
      },
      "targets": [
        {
          "Library": {
            "crate_name": "rand_core",
            "crate_root": "src/lib.rs",
            "srcs": {
              "allow_empty": false,
              "include": [
                "**/*.rs"
              ]
            }
          }
        }
      ],
      "library_target_name": "rand_core",
      "common_attrs": {
        "compile_data_glob": [
          "**"
        ],
        "crate_features": {
          "common": [
            "alloc",
            "getrandom",
            "std"
          ],
          "selects": {}
        },
        "deps": {
          "common": [
            {
              "id": "getrandom 0.2.15",
              "target": "getrandom"
            }
          ],
          "selects": {}
        },
        "edition": "2018",
        "version": "0.6.4"
      },
      "license": "MIT OR Apache-2.0",
      "license_ids": [
        "Apache-2.0",
        "MIT"
      ],
      "license_file": "LICENSE-APACHE"
    },
    "regex 1.9.5": {
      "name": "regex",
      "version": "1.9.5",
      "package_url": "https://github.com/rust-lang/regex",
      "repository": {
        "Http": {
          "url": "https://static.crates.io/crates/regex/1.9.5/download",
          "sha256": "697061221ea1b4a94a624f67d0ae2bfe4e22b8a17b6a192afb11046542cc8c47"
        }
      },
      "targets": [
        {
          "Library": {
            "crate_name": "regex",
            "crate_root": "src/lib.rs",
            "srcs": {
              "allow_empty": false,
              "include": [
                "**/*.rs"
              ]
            }
          }
        }
      ],
      "library_target_name": "regex",
      "common_attrs": {
        "compile_data_glob": [
          "**"
        ],
        "crate_features": {
          "common": [
            "default",
            "perf",
            "perf-backtrack",
            "perf-cache",
            "perf-dfa",
            "perf-inline",
            "perf-literal",
            "perf-onepass",
            "std",
            "unicode",
            "unicode-age",
            "unicode-bool",
            "unicode-case",
            "unicode-gencat",
            "unicode-perl",
            "unicode-script",
            "unicode-segment"
          ],
          "selects": {}
        },
        "deps": {
          "common": [
            {
              "id": "aho-corasick 1.0.5",
              "target": "aho_corasick"
            },
            {
              "id": "memchr 2.6.3",
              "target": "memchr"
            },
            {
              "id": "regex-automata 0.3.8",
              "target": "regex_automata"
            },
            {
              "id": "regex-syntax 0.7.5",
              "target": "regex_syntax"
            }
          ],
          "selects": {}
        },
        "edition": "2021",
        "version": "1.9.5"
      },
      "license": "MIT OR Apache-2.0",
      "license_ids": [
        "Apache-2.0",
        "MIT"
      ],
      "license_file": "LICENSE-APACHE"
    },
    "regex-automata 0.3.8": {
      "name": "regex-automata",
      "version": "0.3.8",
      "package_url": "https://github.com/rust-lang/regex/tree/master/regex-automata",
      "repository": {
        "Http": {
          "url": "https://static.crates.io/crates/regex-automata/0.3.8/download",
          "sha256": "c2f401f4955220693b56f8ec66ee9c78abffd8d1c4f23dc41a23839eb88f0795"
        }
      },
      "targets": [
        {
          "Library": {
            "crate_name": "regex_automata",
            "crate_root": "src/lib.rs",
            "srcs": {
              "allow_empty": false,
              "include": [
                "**/*.rs"
              ]
            }
          }
        }
      ],
      "library_target_name": "regex_automata",
      "common_attrs": {
        "compile_data_glob": [
          "**"
        ],
        "crate_features": {
          "common": [
            "alloc",
            "dfa-onepass",
            "hybrid",
            "meta",
            "nfa-backtrack",
            "nfa-pikevm",
            "nfa-thompson",
            "perf-inline",
            "perf-literal",
            "perf-literal-multisubstring",
            "perf-literal-substring",
            "std",
            "syntax",
            "unicode",
            "unicode-age",
            "unicode-bool",
            "unicode-case",
            "unicode-gencat",
            "unicode-perl",
            "unicode-script",
            "unicode-segment",
            "unicode-word-boundary"
          ],
          "selects": {}
        },
        "deps": {
          "common": [
            {
              "id": "aho-corasick 1.0.5",
              "target": "aho_corasick"
            },
            {
              "id": "memchr 2.6.3",
              "target": "memchr"
            },
            {
              "id": "regex-syntax 0.7.5",
              "target": "regex_syntax"
            }
          ],
          "selects": {}
        },
        "edition": "2021",
        "version": "0.3.8"
      },
      "license": "MIT OR Apache-2.0",
      "license_ids": [
        "Apache-2.0",
        "MIT"
      ],
      "license_file": "LICENSE-APACHE"
    },
    "regex-syntax 0.7.5": {
      "name": "regex-syntax",
      "version": "0.7.5",
      "package_url": "https://github.com/rust-lang/regex/tree/master/regex-syntax",
      "repository": {
        "Http": {
          "url": "https://static.crates.io/crates/regex-syntax/0.7.5/download",
          "sha256": "dbb5fb1acd8a1a18b3dd5be62d25485eb770e05afb408a9627d14d451bae12da"
        }
      },
      "targets": [
        {
          "Library": {
            "crate_name": "regex_syntax",
            "crate_root": "src/lib.rs",
            "srcs": {
              "allow_empty": false,
              "include": [
                "**/*.rs"
              ]
            }
          }
        }
      ],
      "library_target_name": "regex_syntax",
      "common_attrs": {
        "compile_data_glob": [
          "**"
        ],
        "crate_features": {
          "common": [
            "default",
            "std",
            "unicode",
            "unicode-age",
            "unicode-bool",
            "unicode-case",
            "unicode-gencat",
            "unicode-perl",
            "unicode-script",
            "unicode-segment"
          ],
          "selects": {}
        },
        "edition": "2021",
        "version": "0.7.5"
      },
      "license": "MIT OR Apache-2.0",
      "license_ids": [
        "Apache-2.0",
        "MIT"
      ],
      "license_file": "LICENSE-APACHE"
    },
    "service-extensions 0.0.0": {
      "name": "service-extensions",
      "version": "0.0.0",
      "package_url": null,
      "repository": null,
      "targets": [],
      "library_target_name": null,
      "common_attrs": {
        "compile_data_glob": [
          "**"
        ],
        "deps": {
          "common": [
            {
              "id": "log 0.4.20",
              "target": "log"
            },
            {
              "id": "proxy-wasm 0.2.1",
              "target": "proxy_wasm"
            },
            {
              "id": "rand 0.8.5",
              "target": "rand"
            },
            {
              "id": "regex 1.9.5",
              "target": "regex"
            },
            {
              "id": "url 2.4.1",
              "target": "url"
            }
          ],
          "selects": {}
        },
        "edition": "2018",
        "version": "0.0.0"
      },
      "license": null,
      "license_ids": [],
      "license_file": null
    },
    "syn 2.0.90": {
      "name": "syn",
      "version": "2.0.90",
      "package_url": "https://github.com/dtolnay/syn",
      "repository": {
        "Http": {
          "url": "https://static.crates.io/crates/syn/2.0.90/download",
          "sha256": "919d3b74a5dd0ccd15aeb8f93e7006bd9e14c295087c9896a110f490752bcf31"
        }
      },
      "targets": [
        {
          "Library": {
            "crate_name": "syn",
            "crate_root": "src/lib.rs",
            "srcs": {
              "allow_empty": false,
              "include": [
                "**/*.rs"
              ]
            }
          }
        }
      ],
      "library_target_name": "syn",
      "common_attrs": {
        "compile_data_glob": [
          "**"
        ],
        "crate_features": {
          "common": [
            "clone-impls",
            "default",
            "derive",
            "parsing",
            "printing",
            "proc-macro"
          ],
          "selects": {}
        },
        "deps": {
          "common": [
            {
              "id": "proc-macro2 1.0.92",
              "target": "proc_macro2"
            },
            {
              "id": "quote 1.0.37",
              "target": "quote"
            },
            {
              "id": "unicode-ident 1.0.14",
              "target": "unicode_ident"
            }
          ],
          "selects": {}
        },
        "edition": "2021",
        "version": "2.0.90"
      },
      "license": "MIT OR Apache-2.0",
      "license_ids": [
        "Apache-2.0",
        "MIT"
      ],
      "license_file": "LICENSE-APACHE"
    },
    "tinyvec 1.6.0": {
      "name": "tinyvec",
      "version": "1.6.0",
      "package_url": "https://github.com/Lokathor/tinyvec",
      "repository": {
        "Http": {
          "url": "https://static.crates.io/crates/tinyvec/1.6.0/download",
          "sha256": "87cc5ceb3875bb20c2890005a4e226a4651264a5c75edb2421b52861a0a0cb50"
        }
      },
      "targets": [
        {
          "Library": {
            "crate_name": "tinyvec",
            "crate_root": "src/lib.rs",
            "srcs": {
              "allow_empty": false,
              "include": [
                "**/*.rs"
              ]
            }
          }
        }
      ],
      "library_target_name": "tinyvec",
      "common_attrs": {
        "compile_data_glob": [
          "**"
        ],
        "crate_features": {
          "common": [
            "alloc",
            "default",
            "tinyvec_macros"
          ],
          "selects": {}
        },
        "deps": {
          "common": [
            {
              "id": "tinyvec_macros 0.1.1",
              "target": "tinyvec_macros"
            }
          ],
          "selects": {}
        },
        "edition": "2018",
        "version": "1.6.0"
      },
      "license": "Zlib OR Apache-2.0 OR MIT",
      "license_ids": [
        "Apache-2.0",
        "MIT",
        "Zlib"
      ],
      "license_file": "LICENSE-APACHE.md"
    },
    "tinyvec_macros 0.1.1": {
      "name": "tinyvec_macros",
      "version": "0.1.1",
      "package_url": "https://github.com/Soveu/tinyvec_macros",
      "repository": {
        "Http": {
          "url": "https://static.crates.io/crates/tinyvec_macros/0.1.1/download",
          "sha256": "1f3ccbac311fea05f86f61904b462b55fb3df8837a366dfc601a0161d0532f20"
        }
      },
      "targets": [
        {
          "Library": {
            "crate_name": "tinyvec_macros",
            "crate_root": "src/lib.rs",
            "srcs": {
              "allow_empty": false,
              "include": [
                "**/*.rs"
              ]
            }
          }
        }
      ],
      "library_target_name": "tinyvec_macros",
      "common_attrs": {
        "compile_data_glob": [
          "**"
        ],
        "edition": "2018",
        "version": "0.1.1"
      },
      "license": "MIT OR Apache-2.0 OR Zlib",
      "license_ids": [
        "Apache-2.0",
        "MIT",
        "Zlib"
      ],
      "license_file": "LICENSE-APACHE.md"
    },
    "unicode-bidi 0.3.13": {
      "name": "unicode-bidi",
      "version": "0.3.13",
      "package_url": "https://github.com/servo/unicode-bidi",
      "repository": {
        "Http": {
          "url": "https://static.crates.io/crates/unicode-bidi/0.3.13/download",
          "sha256": "92888ba5573ff080736b3648696b70cafad7d250551175acbaa4e0385b3e1460"
        }
      },
      "targets": [
        {
          "Library": {
            "crate_name": "unicode_bidi",
            "crate_root": "src/lib.rs",
            "srcs": {
              "allow_empty": false,
              "include": [
                "**/*.rs"
              ]
            }
          }
        }
      ],
      "library_target_name": "unicode_bidi",
      "common_attrs": {
        "compile_data_glob": [
          "**"
        ],
        "crate_features": {
          "common": [
            "hardcoded-data",
            "std"
          ],
          "selects": {}
        },
        "edition": "2018",
        "version": "0.3.13"
      },
      "license": "MIT OR Apache-2.0",
      "license_ids": [
        "Apache-2.0",
        "MIT"
      ],
      "license_file": "LICENSE-APACHE"
    },
    "unicode-ident 1.0.14": {
      "name": "unicode-ident",
      "version": "1.0.14",
      "package_url": "https://github.com/dtolnay/unicode-ident",
      "repository": {
        "Http": {
          "url": "https://static.crates.io/crates/unicode-ident/1.0.14/download",
          "sha256": "adb9e6ca4f869e1180728b7950e35922a7fc6397f7b641499e8f3ef06e50dc83"
        }
      },
      "targets": [
        {
          "Library": {
            "crate_name": "unicode_ident",
            "crate_root": "src/lib.rs",
            "srcs": {
              "allow_empty": false,
              "include": [
                "**/*.rs"
              ]
            }
          }
        }
      ],
      "library_target_name": "unicode_ident",
      "common_attrs": {
        "compile_data_glob": [
          "**"
        ],
        "edition": "2018",
        "version": "1.0.14"
      },
      "license": "(MIT OR Apache-2.0) AND Unicode-3.0",
      "license_ids": [],
      "license_file": "LICENSE-APACHE"
    },
    "unicode-normalization 0.1.22": {
      "name": "unicode-normalization",
      "version": "0.1.22",
      "package_url": "https://github.com/unicode-rs/unicode-normalization",
      "repository": {
        "Http": {
          "url": "https://static.crates.io/crates/unicode-normalization/0.1.22/download",
          "sha256": "5c5713f0fc4b5db668a2ac63cdb7bb4469d8c9fed047b1d0292cc7b0ce2ba921"
        }
      },
      "targets": [
        {
          "Library": {
            "crate_name": "unicode_normalization",
            "crate_root": "src/lib.rs",
            "srcs": {
              "allow_empty": false,
              "include": [
                "**/*.rs"
              ]
            }
          }
        }
      ],
      "library_target_name": "unicode_normalization",
      "common_attrs": {
        "compile_data_glob": [
          "**"
        ],
        "crate_features": {
          "common": [
            "std"
          ],
          "selects": {}
        },
        "deps": {
          "common": [
            {
              "id": "tinyvec 1.6.0",
              "target": "tinyvec"
            }
          ],
          "selects": {}
        },
        "edition": "2018",
        "version": "0.1.22"
      },
      "license": "MIT/Apache-2.0",
      "license_ids": [
        "Apache-2.0",
        "MIT"
      ],
      "license_file": "LICENSE-APACHE"
    },
    "url 2.4.1": {
      "name": "url",
      "version": "2.4.1",
      "package_url": "https://github.com/servo/rust-url",
      "repository": {
        "Http": {
          "url": "https://static.crates.io/crates/url/2.4.1/download",
          "sha256": "143b538f18257fac9cad154828a57c6bf5157e1aa604d4816b5995bf6de87ae5"
        }
      },
      "targets": [
        {
          "Library": {
            "crate_name": "url",
            "crate_root": "src/lib.rs",
            "srcs": {
              "allow_empty": false,
              "include": [
                "**/*.rs"
              ]
            }
          }
        }
      ],
      "library_target_name": "url",
      "common_attrs": {
        "compile_data_glob": [
          "**"
        ],
        "crate_features": {
          "common": [
            "default"
          ],
          "selects": {}
        },
        "deps": {
          "common": [
            {
              "id": "form_urlencoded 1.2.0",
              "target": "form_urlencoded"
            },
            {
              "id": "idna 0.4.0",
              "target": "idna"
            },
            {
              "id": "percent-encoding 2.3.0",
              "target": "percent_encoding"
            }
          ],
          "selects": {}
        },
        "edition": "2018",
        "version": "2.4.1"
      },
      "license": "MIT OR Apache-2.0",
      "license_ids": [
        "Apache-2.0",
        "MIT"
      ],
      "license_file": "LICENSE-APACHE"
    },
    "version_check 0.9.4": {
      "name": "version_check",
      "version": "0.9.4",
      "package_url": "https://github.com/SergioBenitez/version_check",
      "repository": {
        "Http": {
          "url": "https://static.crates.io/crates/version_check/0.9.4/download",
          "sha256": "49874b5167b65d7193b8aba1567f5c7d93d001cafc34600cee003eda787e483f"
        }
      },
      "targets": [
        {
          "Library": {
            "crate_name": "version_check",
            "crate_root": "src/lib.rs",
            "srcs": {
              "allow_empty": false,
              "include": [
                "**/*.rs"
              ]
            }
          }
        }
      ],
      "library_target_name": "version_check",
      "common_attrs": {
        "compile_data_glob": [
          "**"
        ],
        "edition": "2015",
        "version": "0.9.4"
      },
      "license": "MIT/Apache-2.0",
      "license_ids": [
        "Apache-2.0",
        "MIT"
      ],
      "license_file": "LICENSE-APACHE"
    },
    "wasi 0.11.0+wasi-snapshot-preview1": {
      "name": "wasi",
      "version": "0.11.0+wasi-snapshot-preview1",
      "package_url": "https://github.com/bytecodealliance/wasi",
      "repository": {
        "Http": {
          "url": "https://static.crates.io/crates/wasi/0.11.0+wasi-snapshot-preview1/download",
          "sha256": "9c8d87e72b64a3b4db28d11ce29237c246188f4f51057d65a7eab63b7987e423"
        }
      },
      "targets": [
        {
          "Library": {
            "crate_name": "wasi",
            "crate_root": "src/lib.rs",
            "srcs": {
              "allow_empty": false,
              "include": [
                "**/*.rs"
              ]
            }
          }
        }
      ],
      "library_target_name": "wasi",
      "common_attrs": {
        "compile_data_glob": [
          "**"
        ],
        "edition": "2018",
        "version": "0.11.0+wasi-snapshot-preview1"
      },
      "license": "Apache-2.0 WITH LLVM-exception OR Apache-2.0 OR MIT",
      "license_ids": [
        "Apache-2.0",
        "MIT"
      ],
      "license_file": "LICENSE-APACHE"
    },
    "zerocopy 0.7.35": {
      "name": "zerocopy",
      "version": "0.7.35",
      "package_url": "https://github.com/google/zerocopy",
      "repository": {
        "Http": {
          "url": "https://static.crates.io/crates/zerocopy/0.7.35/download",
          "sha256": "1b9b4fd18abc82b8136838da5d50bae7bdea537c574d8dc1a34ed098d6c166f0"
        }
      },
      "targets": [
        {
          "Library": {
            "crate_name": "zerocopy",
            "crate_root": "src/lib.rs",
            "srcs": {
              "allow_empty": false,
              "include": [
                "**/*.rs"
              ]
            }
          }
        }
      ],
      "library_target_name": "zerocopy",
      "common_attrs": {
        "compile_data_glob": [
          "**"
        ],
        "crate_features": {
          "common": [
            "byteorder",
            "default",
            "derive",
            "simd",
            "zerocopy-derive"
          ],
          "selects": {}
        },
        "deps": {
          "common": [
            {
              "id": "byteorder 1.5.0",
              "target": "byteorder"
            }
          ],
          "selects": {}
        },
        "edition": "2018",
        "proc_macro_deps": {
          "common": [
            {
              "id": "zerocopy-derive 0.7.35",
              "target": "zerocopy_derive"
            }
          ],
          "selects": {}
        },
        "version": "0.7.35"
      },
      "license": "BSD-2-Clause OR Apache-2.0 OR MIT",
      "license_ids": [
        "Apache-2.0",
        "BSD-2-Clause",
        "MIT"
      ],
      "license_file": "LICENSE-APACHE"
    },
    "zerocopy-derive 0.7.35": {
      "name": "zerocopy-derive",
      "version": "0.7.35",
      "package_url": "https://github.com/google/zerocopy",
      "repository": {
        "Http": {
          "url": "https://static.crates.io/crates/zerocopy-derive/0.7.35/download",
          "sha256": "fa4f8080344d4671fb4e831a13ad1e68092748387dfc4f55e356242fae12ce3e"
        }
      },
      "targets": [
        {
          "ProcMacro": {
            "crate_name": "zerocopy_derive",
            "crate_root": "src/lib.rs",
            "srcs": {
              "allow_empty": false,
              "include": [
                "**/*.rs"
              ]
            }
          }
        }
      ],
      "library_target_name": "zerocopy_derive",
      "common_attrs": {
        "compile_data_glob": [
          "**"
        ],
        "deps": {
          "common": [
            {
              "id": "proc-macro2 1.0.92",
              "target": "proc_macro2"
            },
            {
              "id": "quote 1.0.37",
              "target": "quote"
            },
            {
              "id": "syn 2.0.90",
              "target": "syn"
            }
          ],
          "selects": {}
        },
        "edition": "2018",
        "version": "0.7.35"
      },
      "license": "BSD-2-Clause OR Apache-2.0 OR MIT",
      "license_ids": [
        "Apache-2.0",
        "BSD-2-Clause",
        "MIT"
      ],
      "license_file": "LICENSE-APACHE"
    }
  },
  "binary_crates": [],
  "workspace_members": {
    "service-extensions 0.0.0": ""
  },
  "conditions": {
    "cfg(not(all(target_arch = \"arm\", target_os = \"none\")))": [
      "wasm32-wasi"
    ],
    "cfg(target_os = \"wasi\")": [
      "wasm32-wasi"
    ],
    "cfg(unix)": [],
    "wasm32-wasi": [
      "wasm32-wasi"
    ]
  },
  "direct_deps": [
    "log 0.4.20",
    "proxy-wasm 0.2.1",
    "rand 0.8.5",
    "regex 1.9.5",
    "url 2.4.1"
  ],
  "direct_dev_deps": []
}
